
Microsoft Visual Studio Solution File, Format Version 12.00
# Visual Studio 15
VisualStudioVersion = 15.0.27428.1
MinimumVisualStudioVersion = 10.0.40219.1
Project("{8BC9CEB8-8B4A-11D0-8D11-00A0C91BC942}") = "スケルトン", "スケルトン\スケルトン.vcxproj", "{6AD16EA2-4886-4BE2-9622-5D45374A6B63}"
EndProject
Global
	GlobalSection(SolutionConfigurationPlatforms) = preSolution
		Debug|x64 = Debug|x64
		Debug|x86 = Debug|x86
		Release|x64 = Release|x64
		Release|x86 = Release|x86
	EndGlobalSection
	GlobalSection(ProjectConfigurationPlatforms) = postSolution
		{6AD16EA2-4886-4BE2-9622-5D45374A6B63}.Debug|x64.ActiveCfg = Debug|x64
		{6AD16EA2-4886-4BE2-9622-5D45374A6B63}.Debug|x64.Build.0 = Debug|x64
		{6AD16EA2-4886-4BE2-9622-5D45374A6B63}.Debug|x86.ActiveCfg = Debug|Win32
		{6AD16EA2-4886-4BE2-9622-5D45374A6B63}.Debug|x86.Build.0 = Debug|Win32
		{6AD16EA2-4886-4BE2-9622-5D45374A6B63}.Release|x64.ActiveCfg = Release|x64
		{6AD16EA2-4886-4BE2-9622-5D45374A6B63}.Release|x64.Build.0 = Release|x64
		{6AD16EA2-4886-4BE2-9622-5D45374A6B63}.Release|x86.ActiveCfg = Release|Win32
		{6AD16EA2-4886-4BE2-9622-5D45374A6B63}.Release|x86.Build.0 = Release|Win32
	EndGlobalSection
	GlobalSection(SolutionProperties) = preSolution
		HideSolutionNode = FALSE
	EndGlobalSection
	GlobalSection(ExtensibilityGlobals) = postSolution
		SolutionGuid = {B2745BC5-A706-40BB-8EDB-C46B31FD0ECC}
	EndGlobalSection
EndGlobal
